
Microsoft Visual Studio Solution File, Format Version 12.00
# Visual Studio 15
VisualStudioVersion = 15.0.27130.2026
MinimumVisualStudioVersion = 10.0.40219.1
Project("{FAE04EC0-301F-11D3-BF4B-00C04F79EFBC}") = "TRBot.Parser", "TRBot.Parser\TRBot.Parser.csproj", "{282E0510-C748-400C-B369-564E253C62B0}"
EndProject
Project("{FAE04EC0-301F-11D3-BF4B-00C04F79EFBC}") = "TRBot.Commands", "TRBot.Commands\TRBot.Commands.csproj", "{F16BC983-A29E-4FDC-A2EF-F4FA3E51C36C}"
EndProject
Project("{FAE04EC0-301F-11D3-BF4B-00C04F79EFBC}") = "TRBot.Connection", "TRBot.Connection\TRBot.Connection.csproj", "{5A01251A-04FA-49B5-9951-222D0FB14A3C}"
EndProject
Project("{FAE04EC0-301F-11D3-BF4B-00C04F79EFBC}") = "TRBot.Consoles", "TRBot.Consoles\TRBot.Consoles.csproj", "{1940D462-3950-4E6B-BD44-08E65BF2BE43}"
EndProject
Project("{FAE04EC0-301F-11D3-BF4B-00C04F79EFBC}") = "TRBot.Data", "TRBot.Data\TRBot.Data.csproj", "{F1B346D5-DB3F-4398-ACEC-A2B20687F19B}"
EndProject
Project("{FAE04EC0-301F-11D3-BF4B-00C04F79EFBC}") = "TRBot.Main", "TRBot.Main\TRBot.Main.csproj", "{28C476FF-D793-4E71-A644-6358938049CA}"
EndProject
Project("{FAE04EC0-301F-11D3-BF4B-00C04F79EFBC}") = "TRBot.Misc", "TRBot.Misc\TRBot.Misc.csproj", "{43B93AD2-EC5D-4E46-9E7A-7EA83C7C5068}"
EndProject
Project("{FAE04EC0-301F-11D3-BF4B-00C04F79EFBC}") = "TRBot.Parsing", "TRBot.Parsing\TRBot.Parsing.csproj", "{2B5FB39E-9686-4F85-9B39-63881A736BDD}"
EndProject
Project("{FAE04EC0-301F-11D3-BF4B-00C04F79EFBC}") = "TRBot.Permissions", "TRBot.Permissions\TRBot.Permissions.csproj", "{128ED2C1-8C3F-4EC0-8C45-1BEFF42EB5E1}"
EndProject
Project("{FAE04EC0-301F-11D3-BF4B-00C04F79EFBC}") = "TRBot.Routines", "TRBot.Routines\TRBot.Routines.csproj", "{9A51374E-0407-45C1-9702-82EB5C144E55}"
EndProject
Project("{FAE04EC0-301F-11D3-BF4B-00C04F79EFBC}") = "TRBot.Tests", "TRBot.Tests\TRBot.Tests.csproj", "{4F1FE3A2-019F-4DD6-AE54-A33DC775958B}"
EndProject
Project("{FAE04EC0-301F-11D3-BF4B-00C04F79EFBC}") = "TRBot.Utilities", "TRBot.Utilities\TRBot.Utilities.csproj", "{1D50ECDD-1F76-4AC5-8064-CE673E87DE19}"
EndProject
Project("{FAE04EC0-301F-11D3-BF4B-00C04F79EFBC}") = "TRBot.VirtualControllers", "TRBot.VirtualControllers\TRBot.VirtualControllers.csproj", "{33D26A66-3495-4BA3-9DD2-3983661ACA4E}"
EndProject
Global
	GlobalSection(SolutionConfigurationPlatforms) = preSolution
		Debug|Any CPU = Debug|Any CPU
		Debug|x64 = Debug|x64
		Debug|x86 = Debug|x86
		Release|Any CPU = Release|Any CPU
		Release|x64 = Release|x64
		Release|x86 = Release|x86
	EndGlobalSection
	GlobalSection(ProjectConfigurationPlatforms) = postSolution
		{E5BF7E8B-78D2-42DD-BC0F-6571AD8CF89E}.Debug|Any CPU.ActiveCfg = Debug|Any CPU
		{E5BF7E8B-78D2-42DD-BC0F-6571AD8CF89E}.Debug|Any CPU.Build.0 = Debug|Any CPU
		{E5BF7E8B-78D2-42DD-BC0F-6571AD8CF89E}.Debug|x64.ActiveCfg = Debug|Any CPU
		{E5BF7E8B-78D2-42DD-BC0F-6571AD8CF89E}.Debug|x64.Build.0 = Debug|Any CPU
		{E5BF7E8B-78D2-42DD-BC0F-6571AD8CF89E}.Debug|x86.ActiveCfg = Debug|Any CPU
		{E5BF7E8B-78D2-42DD-BC0F-6571AD8CF89E}.Debug|x86.Build.0 = Debug|Any CPU
		{E5BF7E8B-78D2-42DD-BC0F-6571AD8CF89E}.Release|Any CPU.ActiveCfg = Release|Any CPU
		{E5BF7E8B-78D2-42DD-BC0F-6571AD8CF89E}.Release|Any CPU.Build.0 = Release|Any CPU
		{E5BF7E8B-78D2-42DD-BC0F-6571AD8CF89E}.Release|x64.ActiveCfg = Release|Any CPU
		{E5BF7E8B-78D2-42DD-BC0F-6571AD8CF89E}.Release|x64.Build.0 = Release|Any CPU
		{E5BF7E8B-78D2-42DD-BC0F-6571AD8CF89E}.Release|x86.ActiveCfg = Release|Any CPU
		{E5BF7E8B-78D2-42DD-BC0F-6571AD8CF89E}.Release|x86.Build.0 = Release|Any CPU
		{4F1FE3A2-019F-4DD6-AE54-A33DC775958B}.Debug|Any CPU.ActiveCfg = Debug|Any CPU
		{4F1FE3A2-019F-4DD6-AE54-A33DC775958B}.Debug|Any CPU.Build.0 = Debug|Any CPU
		{4F1FE3A2-019F-4DD6-AE54-A33DC775958B}.Debug|x64.ActiveCfg = Debug|Any CPU
		{4F1FE3A2-019F-4DD6-AE54-A33DC775958B}.Debug|x64.Build.0 = Debug|Any CPU
		{4F1FE3A2-019F-4DD6-AE54-A33DC775958B}.Debug|x86.ActiveCfg = Debug|Any CPU
		{4F1FE3A2-019F-4DD6-AE54-A33DC775958B}.Debug|x86.Build.0 = Debug|Any CPU
		{4F1FE3A2-019F-4DD6-AE54-A33DC775958B}.Release|Any CPU.ActiveCfg = Release|Any CPU
		{4F1FE3A2-019F-4DD6-AE54-A33DC775958B}.Release|Any CPU.Build.0 = Release|Any CPU
		{4F1FE3A2-019F-4DD6-AE54-A33DC775958B}.Release|x64.ActiveCfg = Release|Any CPU
		{4F1FE3A2-019F-4DD6-AE54-A33DC775958B}.Release|x64.Build.0 = Release|Any CPU
		{4F1FE3A2-019F-4DD6-AE54-A33DC775958B}.Release|x86.ActiveCfg = Release|Any CPU
		{4F1FE3A2-019F-4DD6-AE54-A33DC775958B}.Release|x86.Build.0 = Release|Any CPU
		{282E0510-C748-400C-B369-564E253C62B0}.Debug|Any CPU.ActiveCfg = Debug|Any CPU
		{282E0510-C748-400C-B369-564E253C62B0}.Debug|Any CPU.Build.0 = Debug|Any CPU
		{282E0510-C748-400C-B369-564E253C62B0}.Debug|x64.ActiveCfg = Debug|Any CPU
		{282E0510-C748-400C-B369-564E253C62B0}.Debug|x64.Build.0 = Debug|Any CPU
		{282E0510-C748-400C-B369-564E253C62B0}.Debug|x86.ActiveCfg = Debug|Any CPU
		{282E0510-C748-400C-B369-564E253C62B0}.Debug|x86.Build.0 = Debug|Any CPU
		{282E0510-C748-400C-B369-564E253C62B0}.Release|Any CPU.ActiveCfg = Release|Any CPU
		{282E0510-C748-400C-B369-564E253C62B0}.Release|Any CPU.Build.0 = Release|Any CPU
		{282E0510-C748-400C-B369-564E253C62B0}.Release|x64.ActiveCfg = Release|Any CPU
		{282E0510-C748-400C-B369-564E253C62B0}.Release|x64.Build.0 = Release|Any CPU
		{282E0510-C748-400C-B369-564E253C62B0}.Release|x86.ActiveCfg = Release|Any CPU
		{282E0510-C748-400C-B369-564E253C62B0}.Release|x86.Build.0 = Release|Any CPU
		{F16BC983-A29E-4FDC-A2EF-F4FA3E51C36C}.Debug|Any CPU.ActiveCfg = Debug|Any CPU
		{F16BC983-A29E-4FDC-A2EF-F4FA3E51C36C}.Debug|Any CPU.Build.0 = Debug|Any CPU
		{F16BC983-A29E-4FDC-A2EF-F4FA3E51C36C}.Debug|x64.ActiveCfg = Debug|Any CPU
		{F16BC983-A29E-4FDC-A2EF-F4FA3E51C36C}.Debug|x64.Build.0 = Debug|Any CPU
		{F16BC983-A29E-4FDC-A2EF-F4FA3E51C36C}.Debug|x86.ActiveCfg = Debug|Any CPU
		{F16BC983-A29E-4FDC-A2EF-F4FA3E51C36C}.Debug|x86.Build.0 = Debug|Any CPU
		{F16BC983-A29E-4FDC-A2EF-F4FA3E51C36C}.Release|Any CPU.ActiveCfg = Release|Any CPU
		{F16BC983-A29E-4FDC-A2EF-F4FA3E51C36C}.Release|Any CPU.Build.0 = Release|Any CPU
		{F16BC983-A29E-4FDC-A2EF-F4FA3E51C36C}.Release|x64.ActiveCfg = Release|Any CPU
		{F16BC983-A29E-4FDC-A2EF-F4FA3E51C36C}.Release|x64.Build.0 = Release|Any CPU
		{F16BC983-A29E-4FDC-A2EF-F4FA3E51C36C}.Release|x86.ActiveCfg = Release|Any CPU
		{F16BC983-A29E-4FDC-A2EF-F4FA3E51C36C}.Release|x86.Build.0 = Release|Any CPU
		{5A01251A-04FA-49B5-9951-222D0FB14A3C}.Debug|Any CPU.ActiveCfg = Debug|Any CPU
		{5A01251A-04FA-49B5-9951-222D0FB14A3C}.Debug|Any CPU.Build.0 = Debug|Any CPU
		{5A01251A-04FA-49B5-9951-222D0FB14A3C}.Debug|x64.ActiveCfg = Debug|Any CPU
		{5A01251A-04FA-49B5-9951-222D0FB14A3C}.Debug|x64.Build.0 = Debug|Any CPU
		{5A01251A-04FA-49B5-9951-222D0FB14A3C}.Debug|x86.ActiveCfg = Debug|Any CPU
		{5A01251A-04FA-49B5-9951-222D0FB14A3C}.Debug|x86.Build.0 = Debug|Any CPU
		{5A01251A-04FA-49B5-9951-222D0FB14A3C}.Release|Any CPU.ActiveCfg = Release|Any CPU
		{5A01251A-04FA-49B5-9951-222D0FB14A3C}.Release|Any CPU.Build.0 = Release|Any CPU
		{5A01251A-04FA-49B5-9951-222D0FB14A3C}.Release|x64.ActiveCfg = Release|Any CPU
		{5A01251A-04FA-49B5-9951-222D0FB14A3C}.Release|x64.Build.0 = Release|Any CPU
		{5A01251A-04FA-49B5-9951-222D0FB14A3C}.Release|x86.ActiveCfg = Release|Any CPU
		{5A01251A-04FA-49B5-9951-222D0FB14A3C}.Release|x86.Build.0 = Release|Any CPU
		{1940D462-3950-4E6B-BD44-08E65BF2BE43}.Debug|Any CPU.ActiveCfg = Debug|Any CPU
		{1940D462-3950-4E6B-BD44-08E65BF2BE43}.Debug|Any CPU.Build.0 = Debug|Any CPU
		{1940D462-3950-4E6B-BD44-08E65BF2BE43}.Debug|x64.ActiveCfg = Debug|Any CPU
		{1940D462-3950-4E6B-BD44-08E65BF2BE43}.Debug|x64.Build.0 = Debug|Any CPU
		{1940D462-3950-4E6B-BD44-08E65BF2BE43}.Debug|x86.ActiveCfg = Debug|Any CPU
		{1940D462-3950-4E6B-BD44-08E65BF2BE43}.Debug|x86.Build.0 = Debug|Any CPU
		{1940D462-3950-4E6B-BD44-08E65BF2BE43}.Release|Any CPU.ActiveCfg = Release|Any CPU
		{1940D462-3950-4E6B-BD44-08E65BF2BE43}.Release|Any CPU.Build.0 = Release|Any CPU
		{1940D462-3950-4E6B-BD44-08E65BF2BE43}.Release|x64.ActiveCfg = Release|Any CPU
		{1940D462-3950-4E6B-BD44-08E65BF2BE43}.Release|x64.Build.0 = Release|Any CPU
		{1940D462-3950-4E6B-BD44-08E65BF2BE43}.Release|x86.ActiveCfg = Release|Any CPU
		{1940D462-3950-4E6B-BD44-08E65BF2BE43}.Release|x86.Build.0 = Release|Any CPU
		{F1B346D5-DB3F-4398-ACEC-A2B20687F19B}.Debug|Any CPU.ActiveCfg = Debug|Any CPU
		{F1B346D5-DB3F-4398-ACEC-A2B20687F19B}.Debug|Any CPU.Build.0 = Debug|Any CPU
		{F1B346D5-DB3F-4398-ACEC-A2B20687F19B}.Debug|x64.ActiveCfg = Debug|Any CPU
		{F1B346D5-DB3F-4398-ACEC-A2B20687F19B}.Debug|x64.Build.0 = Debug|Any CPU
		{F1B346D5-DB3F-4398-ACEC-A2B20687F19B}.Debug|x86.ActiveCfg = Debug|Any CPU
		{F1B346D5-DB3F-4398-ACEC-A2B20687F19B}.Debug|x86.Build.0 = Debug|Any CPU
		{F1B346D5-DB3F-4398-ACEC-A2B20687F19B}.Release|Any CPU.ActiveCfg = Release|Any CPU
		{F1B346D5-DB3F-4398-ACEC-A2B20687F19B}.Release|Any CPU.Build.0 = Release|Any CPU
		{F1B346D5-DB3F-4398-ACEC-A2B20687F19B}.Release|x64.ActiveCfg = Release|Any CPU
		{F1B346D5-DB3F-4398-ACEC-A2B20687F19B}.Release|x64.Build.0 = Release|Any CPU
		{F1B346D5-DB3F-4398-ACEC-A2B20687F19B}.Release|x86.ActiveCfg = Release|Any CPU
		{F1B346D5-DB3F-4398-ACEC-A2B20687F19B}.Release|x86.Build.0 = Release|Any CPU
		{28C476FF-D793-4E71-A644-6358938049CA}.Debug|Any CPU.ActiveCfg = Debug|Any CPU
		{28C476FF-D793-4E71-A644-6358938049CA}.Debug|Any CPU.Build.0 = Debug|Any CPU
		{28C476FF-D793-4E71-A644-6358938049CA}.Debug|x64.ActiveCfg = Debug|Any CPU
		{28C476FF-D793-4E71-A644-6358938049CA}.Debug|x64.Build.0 = Debug|Any CPU
		{28C476FF-D793-4E71-A644-6358938049CA}.Debug|x86.ActiveCfg = Debug|Any CPU
		{28C476FF-D793-4E71-A644-6358938049CA}.Debug|x86.Build.0 = Debug|Any CPU
		{28C476FF-D793-4E71-A644-6358938049CA}.Release|Any CPU.ActiveCfg = Release|Any CPU
		{28C476FF-D793-4E71-A644-6358938049CA}.Release|Any CPU.Build.0 = Release|Any CPU
		{28C476FF-D793-4E71-A644-6358938049CA}.Release|x64.ActiveCfg = Release|Any CPU
		{28C476FF-D793-4E71-A644-6358938049CA}.Release|x64.Build.0 = Release|Any CPU
		{28C476FF-D793-4E71-A644-6358938049CA}.Release|x86.ActiveCfg = Release|Any CPU
		{28C476FF-D793-4E71-A644-6358938049CA}.Release|x86.Build.0 = Release|Any CPU
		{43B93AD2-EC5D-4E46-9E7A-7EA83C7C5068}.Debug|Any CPU.ActiveCfg = Debug|Any CPU
		{43B93AD2-EC5D-4E46-9E7A-7EA83C7C5068}.Debug|Any CPU.Build.0 = Debug|Any CPU
		{43B93AD2-EC5D-4E46-9E7A-7EA83C7C5068}.Debug|x64.ActiveCfg = Debug|Any CPU
		{43B93AD2-EC5D-4E46-9E7A-7EA83C7C5068}.Debug|x64.Build.0 = Debug|Any CPU
		{43B93AD2-EC5D-4E46-9E7A-7EA83C7C5068}.Debug|x86.ActiveCfg = Debug|Any CPU
		{43B93AD2-EC5D-4E46-9E7A-7EA83C7C5068}.Debug|x86.Build.0 = Debug|Any CPU
		{43B93AD2-EC5D-4E46-9E7A-7EA83C7C5068}.Release|Any CPU.ActiveCfg = Release|Any CPU
		{43B93AD2-EC5D-4E46-9E7A-7EA83C7C5068}.Release|Any CPU.Build.0 = Release|Any CPU
		{43B93AD2-EC5D-4E46-9E7A-7EA83C7C5068}.Release|x64.ActiveCfg = Release|Any CPU
		{43B93AD2-EC5D-4E46-9E7A-7EA83C7C5068}.Release|x64.Build.0 = Release|Any CPU
		{43B93AD2-EC5D-4E46-9E7A-7EA83C7C5068}.Release|x86.ActiveCfg = Release|Any CPU
		{43B93AD2-EC5D-4E46-9E7A-7EA83C7C5068}.Release|x86.Build.0 = Release|Any CPU
		{2B5FB39E-9686-4F85-9B39-63881A736BDD}.Debug|Any CPU.ActiveCfg = Debug|Any CPU
		{2B5FB39E-9686-4F85-9B39-63881A736BDD}.Debug|Any CPU.Build.0 = Debug|Any CPU
		{2B5FB39E-9686-4F85-9B39-63881A736BDD}.Debug|x64.ActiveCfg = Debug|Any CPU
		{2B5FB39E-9686-4F85-9B39-63881A736BDD}.Debug|x64.Build.0 = Debug|Any CPU
		{2B5FB39E-9686-4F85-9B39-63881A736BDD}.Debug|x86.ActiveCfg = Debug|Any CPU
		{2B5FB39E-9686-4F85-9B39-63881A736BDD}.Debug|x86.Build.0 = Debug|Any CPU
		{2B5FB39E-9686-4F85-9B39-63881A736BDD}.Release|Any CPU.ActiveCfg = Release|Any CPU
		{2B5FB39E-9686-4F85-9B39-63881A736BDD}.Release|Any CPU.Build.0 = Release|Any CPU
		{2B5FB39E-9686-4F85-9B39-63881A736BDD}.Release|x64.ActiveCfg = Release|Any CPU
		{2B5FB39E-9686-4F85-9B39-63881A736BDD}.Release|x64.Build.0 = Release|Any CPU
		{2B5FB39E-9686-4F85-9B39-63881A736BDD}.Release|x86.ActiveCfg = Release|Any CPU
		{2B5FB39E-9686-4F85-9B39-63881A736BDD}.Release|x86.Build.0 = Release|Any CPU
		{128ED2C1-8C3F-4EC0-8C45-1BEFF42EB5E1}.Debug|Any CPU.ActiveCfg = Debug|Any CPU
		{128ED2C1-8C3F-4EC0-8C45-1BEFF42EB5E1}.Debug|Any CPU.Build.0 = Debug|Any CPU
		{128ED2C1-8C3F-4EC0-8C45-1BEFF42EB5E1}.Debug|x64.ActiveCfg = Debug|Any CPU
		{128ED2C1-8C3F-4EC0-8C45-1BEFF42EB5E1}.Debug|x64.Build.0 = Debug|Any CPU
		{128ED2C1-8C3F-4EC0-8C45-1BEFF42EB5E1}.Debug|x86.ActiveCfg = Debug|Any CPU
		{128ED2C1-8C3F-4EC0-8C45-1BEFF42EB5E1}.Debug|x86.Build.0 = Debug|Any CPU
		{128ED2C1-8C3F-4EC0-8C45-1BEFF42EB5E1}.Release|Any CPU.ActiveCfg = Release|Any CPU
		{128ED2C1-8C3F-4EC0-8C45-1BEFF42EB5E1}.Release|Any CPU.Build.0 = Release|Any CPU
		{128ED2C1-8C3F-4EC0-8C45-1BEFF42EB5E1}.Release|x64.ActiveCfg = Release|Any CPU
		{128ED2C1-8C3F-4EC0-8C45-1BEFF42EB5E1}.Release|x64.Build.0 = Release|Any CPU
		{128ED2C1-8C3F-4EC0-8C45-1BEFF42EB5E1}.Release|x86.ActiveCfg = Release|Any CPU
		{128ED2C1-8C3F-4EC0-8C45-1BEFF42EB5E1}.Release|x86.Build.0 = Release|Any CPU
		{9A51374E-0407-45C1-9702-82EB5C144E55}.Debug|Any CPU.ActiveCfg = Debug|Any CPU
		{9A51374E-0407-45C1-9702-82EB5C144E55}.Debug|Any CPU.Build.0 = Debug|Any CPU
		{9A51374E-0407-45C1-9702-82EB5C144E55}.Debug|x64.ActiveCfg = Debug|Any CPU
		{9A51374E-0407-45C1-9702-82EB5C144E55}.Debug|x64.Build.0 = Debug|Any CPU
		{9A51374E-0407-45C1-9702-82EB5C144E55}.Debug|x86.ActiveCfg = Debug|Any CPU
		{9A51374E-0407-45C1-9702-82EB5C144E55}.Debug|x86.Build.0 = Debug|Any CPU
		{9A51374E-0407-45C1-9702-82EB5C144E55}.Release|Any CPU.ActiveCfg = Release|Any CPU
		{9A51374E-0407-45C1-9702-82EB5C144E55}.Release|Any CPU.Build.0 = Release|Any CPU
		{9A51374E-0407-45C1-9702-82EB5C144E55}.Release|x64.ActiveCfg = Release|Any CPU
		{9A51374E-0407-45C1-9702-82EB5C144E55}.Release|x64.Build.0 = Release|Any CPU
		{9A51374E-0407-45C1-9702-82EB5C144E55}.Release|x86.ActiveCfg = Release|Any CPU
		{9A51374E-0407-45C1-9702-82EB5C144E55}.Release|x86.Build.0 = Release|Any CPU
		{1D50ECDD-1F76-4AC5-8064-CE673E87DE19}.Debug|Any CPU.ActiveCfg = Debug|Any CPU
		{1D50ECDD-1F76-4AC5-8064-CE673E87DE19}.Debug|Any CPU.Build.0 = Debug|Any CPU
		{1D50ECDD-1F76-4AC5-8064-CE673E87DE19}.Debug|x64.ActiveCfg = Debug|Any CPU
		{1D50ECDD-1F76-4AC5-8064-CE673E87DE19}.Debug|x64.Build.0 = Debug|Any CPU
		{1D50ECDD-1F76-4AC5-8064-CE673E87DE19}.Debug|x86.ActiveCfg = Debug|Any CPU
		{1D50ECDD-1F76-4AC5-8064-CE673E87DE19}.Debug|x86.Build.0 = Debug|Any CPU
		{1D50ECDD-1F76-4AC5-8064-CE673E87DE19}.Release|Any CPU.ActiveCfg = Release|Any CPU
		{1D50ECDD-1F76-4AC5-8064-CE673E87DE19}.Release|Any CPU.Build.0 = Release|Any CPU
		{1D50ECDD-1F76-4AC5-8064-CE673E87DE19}.Release|x64.ActiveCfg = Release|Any CPU
		{1D50ECDD-1F76-4AC5-8064-CE673E87DE19}.Release|x64.Build.0 = Release|Any CPU
		{1D50ECDD-1F76-4AC5-8064-CE673E87DE19}.Release|x86.ActiveCfg = Release|Any CPU
		{1D50ECDD-1F76-4AC5-8064-CE673E87DE19}.Release|x86.Build.0 = Release|Any CPU
		{33D26A66-3495-4BA3-9DD2-3983661ACA4E}.Debug|Any CPU.ActiveCfg = Debug|Any CPU
		{33D26A66-3495-4BA3-9DD2-3983661ACA4E}.Debug|Any CPU.Build.0 = Debug|Any CPU
		{33D26A66-3495-4BA3-9DD2-3983661ACA4E}.Debug|x64.ActiveCfg = Debug|Any CPU
		{33D26A66-3495-4BA3-9DD2-3983661ACA4E}.Debug|x64.Build.0 = Debug|Any CPU
		{33D26A66-3495-4BA3-9DD2-3983661ACA4E}.Debug|x86.ActiveCfg = Debug|Any CPU
		{33D26A66-3495-4BA3-9DD2-3983661ACA4E}.Debug|x86.Build.0 = Debug|Any CPU
		{33D26A66-3495-4BA3-9DD2-3983661ACA4E}.Release|Any CPU.ActiveCfg = Release|Any CPU
		{33D26A66-3495-4BA3-9DD2-3983661ACA4E}.Release|Any CPU.Build.0 = Release|Any CPU
		{33D26A66-3495-4BA3-9DD2-3983661ACA4E}.Release|x64.ActiveCfg = Release|Any CPU
		{33D26A66-3495-4BA3-9DD2-3983661ACA4E}.Release|x64.Build.0 = Release|Any CPU
		{33D26A66-3495-4BA3-9DD2-3983661ACA4E}.Release|x86.ActiveCfg = Release|Any CPU
		{33D26A66-3495-4BA3-9DD2-3983661ACA4E}.Release|x86.Build.0 = Release|Any CPU
	EndGlobalSection
	GlobalSection(SolutionProperties) = preSolution
		HideSolutionNode = FALSE
	EndGlobalSection
	GlobalSection(ExtensibilityGlobals) = postSolution
		SolutionGuid = {69C4B26E-8E00-4224-AAF5-EFBBF90DFCF0}
	EndGlobalSection
EndGlobal
