
Microsoft Visual Studio Solution File, Format Version 12.00
# Visual Studio 15
VisualStudioVersion = 15.0.26124.0
MinimumVisualStudioVersion = 15.0.26124.0
Project("{FAE04EC0-301F-11D3-BF4B-00C04F79EFBC}") = "TRBot.Commands", "TRBot.Commands\TRBot.Commands.csproj", "{2ACE5D0B-895C-4661-90B9-BAE01781FED1}"
EndProject
Project("{FAE04EC0-301F-11D3-BF4B-00C04F79EFBC}") = "TRBot.Connection", "TRBot.Connection\TRBot.Connection.csproj", "{AA7814C2-A718-42E9-89FE-97FCF9ECDD19}"
EndProject
Project("{FAE04EC0-301F-11D3-BF4B-00C04F79EFBC}") = "TRBot.Consoles", "TRBot.Consoles\TRBot.Consoles.csproj", "{C83DABED-DA88-4B42-8B31-3AFF52C3BE6F}"
EndProject
Project("{FAE04EC0-301F-11D3-BF4B-00C04F79EFBC}") = "TRBot.Data", "TRBot.Data\TRBot.Data.csproj", "{89E068B9-AEB1-45C9-B089-0723E08799CF}"
EndProject
Project("{FAE04EC0-301F-11D3-BF4B-00C04F79EFBC}") = "TRBot.Logging", "TRBot.Logging\TRBot.Logging.csproj", "{A2B237AD-129B-4D36-BCA5-3DC9B55F5C67}"
EndProject
Project("{FAE04EC0-301F-11D3-BF4B-00C04F79EFBC}") = "TRBot.Main", "TRBot.Main\TRBot.Main.csproj", "{B6A60B64-05E6-49EE-BA50-AA5C9417D4D7}"
EndProject
Project("{FAE04EC0-301F-11D3-BF4B-00C04F79EFBC}") = "TRBot.Misc", "TRBot.Misc\TRBot.Misc.csproj", "{DFB83BF0-4B3A-4615-8077-F7994AE11FC8}"
EndProject
Project("{FAE04EC0-301F-11D3-BF4B-00C04F79EFBC}") = "TRBot.Parsing", "TRBot.Parsing\TRBot.Parsing.csproj", "{43F8C906-D037-4863-993A-F6ED3AAA7E26}"
EndProject
Project("{FAE04EC0-301F-11D3-BF4B-00C04F79EFBC}") = "TRBot.Permissions", "TRBot.Permissions\TRBot.Permissions.csproj", "{F389B802-9E5A-48E8-BB19-BB2941DD2D97}"
EndProject
Project("{FAE04EC0-301F-11D3-BF4B-00C04F79EFBC}") = "TRBot.Routines", "TRBot.Routines\TRBot.Routines.csproj", "{3007B59A-4445-4F03-9909-83FFF2C60C8E}"
EndProject
Project("{FAE04EC0-301F-11D3-BF4B-00C04F79EFBC}") = "TRBot.Tests", "TRBot.Tests\TRBot.Tests.csproj", "{DA7568D7-5B06-4555-90DB-2F182741D66E}"
EndProject
Project("{FAE04EC0-301F-11D3-BF4B-00C04F79EFBC}") = "TRBot.Utilities", "TRBot.Utilities\TRBot.Utilities.csproj", "{73BFB5D5-53C4-44B9-A7FF-C313A52556C4}"
EndProject
Project("{FAE04EC0-301F-11D3-BF4B-00C04F79EFBC}") = "TRBot.VirtualControllers", "TRBot.VirtualControllers\TRBot.VirtualControllers.csproj", "{2B20F1A7-9271-45FE-A0A8-AA0E94D87C00}"
EndProject
Project("{FAE04EC0-301F-11D3-BF4B-00C04F79EFBC}") = "TRBotDataMigrationTool", "TRBotDataMigrationTool\TRBotDataMigrationTool.csproj", "{56F1BA3D-E43F-4461-9C41-AA2B6D476D92}"
EndProject
Global
	GlobalSection(SolutionConfigurationPlatforms) = preSolution
		Debug|Any CPU = Debug|Any CPU
		Debug|x64 = Debug|x64
		Debug|x86 = Debug|x86
		Release|Any CPU = Release|Any CPU
		Release|x64 = Release|x64
		Release|x86 = Release|x86
	EndGlobalSection
	GlobalSection(SolutionProperties) = preSolution
		HideSolutionNode = FALSE
	EndGlobalSection
	GlobalSection(ProjectConfigurationPlatforms) = postSolution
		{2ACE5D0B-895C-4661-90B9-BAE01781FED1}.Debug|Any CPU.ActiveCfg = Debug|Any CPU
		{2ACE5D0B-895C-4661-90B9-BAE01781FED1}.Debug|Any CPU.Build.0 = Debug|Any CPU
		{2ACE5D0B-895C-4661-90B9-BAE01781FED1}.Debug|x64.ActiveCfg = Debug|Any CPU
		{2ACE5D0B-895C-4661-90B9-BAE01781FED1}.Debug|x64.Build.0 = Debug|Any CPU
		{2ACE5D0B-895C-4661-90B9-BAE01781FED1}.Debug|x86.ActiveCfg = Debug|Any CPU
		{2ACE5D0B-895C-4661-90B9-BAE01781FED1}.Debug|x86.Build.0 = Debug|Any CPU
		{2ACE5D0B-895C-4661-90B9-BAE01781FED1}.Release|Any CPU.ActiveCfg = Release|Any CPU
		{2ACE5D0B-895C-4661-90B9-BAE01781FED1}.Release|Any CPU.Build.0 = Release|Any CPU
		{2ACE5D0B-895C-4661-90B9-BAE01781FED1}.Release|x64.ActiveCfg = Release|Any CPU
		{2ACE5D0B-895C-4661-90B9-BAE01781FED1}.Release|x64.Build.0 = Release|Any CPU
		{2ACE5D0B-895C-4661-90B9-BAE01781FED1}.Release|x86.ActiveCfg = Release|Any CPU
		{2ACE5D0B-895C-4661-90B9-BAE01781FED1}.Release|x86.Build.0 = Release|Any CPU
		{AA7814C2-A718-42E9-89FE-97FCF9ECDD19}.Debug|Any CPU.ActiveCfg = Debug|Any CPU
		{AA7814C2-A718-42E9-89FE-97FCF9ECDD19}.Debug|Any CPU.Build.0 = Debug|Any CPU
		{AA7814C2-A718-42E9-89FE-97FCF9ECDD19}.Debug|x64.ActiveCfg = Debug|Any CPU
		{AA7814C2-A718-42E9-89FE-97FCF9ECDD19}.Debug|x64.Build.0 = Debug|Any CPU
		{AA7814C2-A718-42E9-89FE-97FCF9ECDD19}.Debug|x86.ActiveCfg = Debug|Any CPU
		{AA7814C2-A718-42E9-89FE-97FCF9ECDD19}.Debug|x86.Build.0 = Debug|Any CPU
		{AA7814C2-A718-42E9-89FE-97FCF9ECDD19}.Release|Any CPU.ActiveCfg = Release|Any CPU
		{AA7814C2-A718-42E9-89FE-97FCF9ECDD19}.Release|Any CPU.Build.0 = Release|Any CPU
		{AA7814C2-A718-42E9-89FE-97FCF9ECDD19}.Release|x64.ActiveCfg = Release|Any CPU
		{AA7814C2-A718-42E9-89FE-97FCF9ECDD19}.Release|x64.Build.0 = Release|Any CPU
		{AA7814C2-A718-42E9-89FE-97FCF9ECDD19}.Release|x86.ActiveCfg = Release|Any CPU
		{AA7814C2-A718-42E9-89FE-97FCF9ECDD19}.Release|x86.Build.0 = Release|Any CPU
		{C83DABED-DA88-4B42-8B31-3AFF52C3BE6F}.Debug|Any CPU.ActiveCfg = Debug|Any CPU
		{C83DABED-DA88-4B42-8B31-3AFF52C3BE6F}.Debug|Any CPU.Build.0 = Debug|Any CPU
		{C83DABED-DA88-4B42-8B31-3AFF52C3BE6F}.Debug|x64.ActiveCfg = Debug|Any CPU
		{C83DABED-DA88-4B42-8B31-3AFF52C3BE6F}.Debug|x64.Build.0 = Debug|Any CPU
		{C83DABED-DA88-4B42-8B31-3AFF52C3BE6F}.Debug|x86.ActiveCfg = Debug|Any CPU
		{C83DABED-DA88-4B42-8B31-3AFF52C3BE6F}.Debug|x86.Build.0 = Debug|Any CPU
		{C83DABED-DA88-4B42-8B31-3AFF52C3BE6F}.Release|Any CPU.ActiveCfg = Release|Any CPU
		{C83DABED-DA88-4B42-8B31-3AFF52C3BE6F}.Release|Any CPU.Build.0 = Release|Any CPU
		{C83DABED-DA88-4B42-8B31-3AFF52C3BE6F}.Release|x64.ActiveCfg = Release|Any CPU
		{C83DABED-DA88-4B42-8B31-3AFF52C3BE6F}.Release|x64.Build.0 = Release|Any CPU
		{C83DABED-DA88-4B42-8B31-3AFF52C3BE6F}.Release|x86.ActiveCfg = Release|Any CPU
		{C83DABED-DA88-4B42-8B31-3AFF52C3BE6F}.Release|x86.Build.0 = Release|Any CPU
		{89E068B9-AEB1-45C9-B089-0723E08799CF}.Debug|Any CPU.ActiveCfg = Debug|Any CPU
		{89E068B9-AEB1-45C9-B089-0723E08799CF}.Debug|Any CPU.Build.0 = Debug|Any CPU
		{89E068B9-AEB1-45C9-B089-0723E08799CF}.Debug|x64.ActiveCfg = Debug|Any CPU
		{89E068B9-AEB1-45C9-B089-0723E08799CF}.Debug|x64.Build.0 = Debug|Any CPU
		{89E068B9-AEB1-45C9-B089-0723E08799CF}.Debug|x86.ActiveCfg = Debug|Any CPU
		{89E068B9-AEB1-45C9-B089-0723E08799CF}.Debug|x86.Build.0 = Debug|Any CPU
		{89E068B9-AEB1-45C9-B089-0723E08799CF}.Release|Any CPU.ActiveCfg = Release|Any CPU
		{89E068B9-AEB1-45C9-B089-0723E08799CF}.Release|Any CPU.Build.0 = Release|Any CPU
		{89E068B9-AEB1-45C9-B089-0723E08799CF}.Release|x64.ActiveCfg = Release|Any CPU
		{89E068B9-AEB1-45C9-B089-0723E08799CF}.Release|x64.Build.0 = Release|Any CPU
		{89E068B9-AEB1-45C9-B089-0723E08799CF}.Release|x86.ActiveCfg = Release|Any CPU
		{89E068B9-AEB1-45C9-B089-0723E08799CF}.Release|x86.Build.0 = Release|Any CPU
		{A2B237AD-129B-4D36-BCA5-3DC9B55F5C67}.Debug|Any CPU.ActiveCfg = Debug|Any CPU
		{A2B237AD-129B-4D36-BCA5-3DC9B55F5C67}.Debug|Any CPU.Build.0 = Debug|Any CPU
		{A2B237AD-129B-4D36-BCA5-3DC9B55F5C67}.Debug|x64.ActiveCfg = Debug|Any CPU
		{A2B237AD-129B-4D36-BCA5-3DC9B55F5C67}.Debug|x64.Build.0 = Debug|Any CPU
		{A2B237AD-129B-4D36-BCA5-3DC9B55F5C67}.Debug|x86.ActiveCfg = Debug|Any CPU
		{A2B237AD-129B-4D36-BCA5-3DC9B55F5C67}.Debug|x86.Build.0 = Debug|Any CPU
		{A2B237AD-129B-4D36-BCA5-3DC9B55F5C67}.Release|Any CPU.ActiveCfg = Release|Any CPU
		{A2B237AD-129B-4D36-BCA5-3DC9B55F5C67}.Release|Any CPU.Build.0 = Release|Any CPU
		{A2B237AD-129B-4D36-BCA5-3DC9B55F5C67}.Release|x64.ActiveCfg = Release|Any CPU
		{A2B237AD-129B-4D36-BCA5-3DC9B55F5C67}.Release|x64.Build.0 = Release|Any CPU
		{A2B237AD-129B-4D36-BCA5-3DC9B55F5C67}.Release|x86.ActiveCfg = Release|Any CPU
		{A2B237AD-129B-4D36-BCA5-3DC9B55F5C67}.Release|x86.Build.0 = Release|Any CPU
		{B6A60B64-05E6-49EE-BA50-AA5C9417D4D7}.Debug|Any CPU.ActiveCfg = Debug|Any CPU
		{B6A60B64-05E6-49EE-BA50-AA5C9417D4D7}.Debug|Any CPU.Build.0 = Debug|Any CPU
		{B6A60B64-05E6-49EE-BA50-AA5C9417D4D7}.Debug|x64.ActiveCfg = Debug|Any CPU
		{B6A60B64-05E6-49EE-BA50-AA5C9417D4D7}.Debug|x64.Build.0 = Debug|Any CPU
		{B6A60B64-05E6-49EE-BA50-AA5C9417D4D7}.Debug|x86.ActiveCfg = Debug|Any CPU
		{B6A60B64-05E6-49EE-BA50-AA5C9417D4D7}.Debug|x86.Build.0 = Debug|Any CPU
		{B6A60B64-05E6-49EE-BA50-AA5C9417D4D7}.Release|Any CPU.ActiveCfg = Release|Any CPU
		{B6A60B64-05E6-49EE-BA50-AA5C9417D4D7}.Release|Any CPU.Build.0 = Release|Any CPU
		{B6A60B64-05E6-49EE-BA50-AA5C9417D4D7}.Release|x64.ActiveCfg = Release|Any CPU
		{B6A60B64-05E6-49EE-BA50-AA5C9417D4D7}.Release|x64.Build.0 = Release|Any CPU
		{B6A60B64-05E6-49EE-BA50-AA5C9417D4D7}.Release|x86.ActiveCfg = Release|Any CPU
		{B6A60B64-05E6-49EE-BA50-AA5C9417D4D7}.Release|x86.Build.0 = Release|Any CPU
		{DFB83BF0-4B3A-4615-8077-F7994AE11FC8}.Debug|Any CPU.ActiveCfg = Debug|Any CPU
		{DFB83BF0-4B3A-4615-8077-F7994AE11FC8}.Debug|Any CPU.Build.0 = Debug|Any CPU
		{DFB83BF0-4B3A-4615-8077-F7994AE11FC8}.Debug|x64.ActiveCfg = Debug|Any CPU
		{DFB83BF0-4B3A-4615-8077-F7994AE11FC8}.Debug|x64.Build.0 = Debug|Any CPU
		{DFB83BF0-4B3A-4615-8077-F7994AE11FC8}.Debug|x86.ActiveCfg = Debug|Any CPU
		{DFB83BF0-4B3A-4615-8077-F7994AE11FC8}.Debug|x86.Build.0 = Debug|Any CPU
		{DFB83BF0-4B3A-4615-8077-F7994AE11FC8}.Release|Any CPU.ActiveCfg = Release|Any CPU
		{DFB83BF0-4B3A-4615-8077-F7994AE11FC8}.Release|Any CPU.Build.0 = Release|Any CPU
		{DFB83BF0-4B3A-4615-8077-F7994AE11FC8}.Release|x64.ActiveCfg = Release|Any CPU
		{DFB83BF0-4B3A-4615-8077-F7994AE11FC8}.Release|x64.Build.0 = Release|Any CPU
		{DFB83BF0-4B3A-4615-8077-F7994AE11FC8}.Release|x86.ActiveCfg = Release|Any CPU
		{DFB83BF0-4B3A-4615-8077-F7994AE11FC8}.Release|x86.Build.0 = Release|Any CPU
		{43F8C906-D037-4863-993A-F6ED3AAA7E26}.Debug|Any CPU.ActiveCfg = Debug|Any CPU
		{43F8C906-D037-4863-993A-F6ED3AAA7E26}.Debug|Any CPU.Build.0 = Debug|Any CPU
		{43F8C906-D037-4863-993A-F6ED3AAA7E26}.Debug|x64.ActiveCfg = Debug|Any CPU
		{43F8C906-D037-4863-993A-F6ED3AAA7E26}.Debug|x64.Build.0 = Debug|Any CPU
		{43F8C906-D037-4863-993A-F6ED3AAA7E26}.Debug|x86.ActiveCfg = Debug|Any CPU
		{43F8C906-D037-4863-993A-F6ED3AAA7E26}.Debug|x86.Build.0 = Debug|Any CPU
		{43F8C906-D037-4863-993A-F6ED3AAA7E26}.Release|Any CPU.ActiveCfg = Release|Any CPU
		{43F8C906-D037-4863-993A-F6ED3AAA7E26}.Release|Any CPU.Build.0 = Release|Any CPU
		{43F8C906-D037-4863-993A-F6ED3AAA7E26}.Release|x64.ActiveCfg = Release|Any CPU
		{43F8C906-D037-4863-993A-F6ED3AAA7E26}.Release|x64.Build.0 = Release|Any CPU
		{43F8C906-D037-4863-993A-F6ED3AAA7E26}.Release|x86.ActiveCfg = Release|Any CPU
		{43F8C906-D037-4863-993A-F6ED3AAA7E26}.Release|x86.Build.0 = Release|Any CPU
		{F389B802-9E5A-48E8-BB19-BB2941DD2D97}.Debug|Any CPU.ActiveCfg = Debug|Any CPU
		{F389B802-9E5A-48E8-BB19-BB2941DD2D97}.Debug|Any CPU.Build.0 = Debug|Any CPU
		{F389B802-9E5A-48E8-BB19-BB2941DD2D97}.Debug|x64.ActiveCfg = Debug|Any CPU
		{F389B802-9E5A-48E8-BB19-BB2941DD2D97}.Debug|x64.Build.0 = Debug|Any CPU
		{F389B802-9E5A-48E8-BB19-BB2941DD2D97}.Debug|x86.ActiveCfg = Debug|Any CPU
		{F389B802-9E5A-48E8-BB19-BB2941DD2D97}.Debug|x86.Build.0 = Debug|Any CPU
		{F389B802-9E5A-48E8-BB19-BB2941DD2D97}.Release|Any CPU.ActiveCfg = Release|Any CPU
		{F389B802-9E5A-48E8-BB19-BB2941DD2D97}.Release|Any CPU.Build.0 = Release|Any CPU
		{F389B802-9E5A-48E8-BB19-BB2941DD2D97}.Release|x64.ActiveCfg = Release|Any CPU
		{F389B802-9E5A-48E8-BB19-BB2941DD2D97}.Release|x64.Build.0 = Release|Any CPU
		{F389B802-9E5A-48E8-BB19-BB2941DD2D97}.Release|x86.ActiveCfg = Release|Any CPU
		{F389B802-9E5A-48E8-BB19-BB2941DD2D97}.Release|x86.Build.0 = Release|Any CPU
		{3007B59A-4445-4F03-9909-83FFF2C60C8E}.Debug|Any CPU.ActiveCfg = Debug|Any CPU
		{3007B59A-4445-4F03-9909-83FFF2C60C8E}.Debug|Any CPU.Build.0 = Debug|Any CPU
		{3007B59A-4445-4F03-9909-83FFF2C60C8E}.Debug|x64.ActiveCfg = Debug|Any CPU
		{3007B59A-4445-4F03-9909-83FFF2C60C8E}.Debug|x64.Build.0 = Debug|Any CPU
		{3007B59A-4445-4F03-9909-83FFF2C60C8E}.Debug|x86.ActiveCfg = Debug|Any CPU
		{3007B59A-4445-4F03-9909-83FFF2C60C8E}.Debug|x86.Build.0 = Debug|Any CPU
		{3007B59A-4445-4F03-9909-83FFF2C60C8E}.Release|Any CPU.ActiveCfg = Release|Any CPU
		{3007B59A-4445-4F03-9909-83FFF2C60C8E}.Release|Any CPU.Build.0 = Release|Any CPU
		{3007B59A-4445-4F03-9909-83FFF2C60C8E}.Release|x64.ActiveCfg = Release|Any CPU
		{3007B59A-4445-4F03-9909-83FFF2C60C8E}.Release|x64.Build.0 = Release|Any CPU
		{3007B59A-4445-4F03-9909-83FFF2C60C8E}.Release|x86.ActiveCfg = Release|Any CPU
		{3007B59A-4445-4F03-9909-83FFF2C60C8E}.Release|x86.Build.0 = Release|Any CPU
		{DA7568D7-5B06-4555-90DB-2F182741D66E}.Debug|Any CPU.ActiveCfg = Debug|Any CPU
		{DA7568D7-5B06-4555-90DB-2F182741D66E}.Debug|Any CPU.Build.0 = Debug|Any CPU
		{DA7568D7-5B06-4555-90DB-2F182741D66E}.Debug|x64.ActiveCfg = Debug|Any CPU
		{DA7568D7-5B06-4555-90DB-2F182741D66E}.Debug|x64.Build.0 = Debug|Any CPU
		{DA7568D7-5B06-4555-90DB-2F182741D66E}.Debug|x86.ActiveCfg = Debug|Any CPU
		{DA7568D7-5B06-4555-90DB-2F182741D66E}.Debug|x86.Build.0 = Debug|Any CPU
		{DA7568D7-5B06-4555-90DB-2F182741D66E}.Release|Any CPU.ActiveCfg = Release|Any CPU
		{DA7568D7-5B06-4555-90DB-2F182741D66E}.Release|Any CPU.Build.0 = Release|Any CPU
		{DA7568D7-5B06-4555-90DB-2F182741D66E}.Release|x64.ActiveCfg = Release|Any CPU
		{DA7568D7-5B06-4555-90DB-2F182741D66E}.Release|x64.Build.0 = Release|Any CPU
		{DA7568D7-5B06-4555-90DB-2F182741D66E}.Release|x86.ActiveCfg = Release|Any CPU
		{DA7568D7-5B06-4555-90DB-2F182741D66E}.Release|x86.Build.0 = Release|Any CPU
		{73BFB5D5-53C4-44B9-A7FF-C313A52556C4}.Debug|Any CPU.ActiveCfg = Debug|Any CPU
		{73BFB5D5-53C4-44B9-A7FF-C313A52556C4}.Debug|Any CPU.Build.0 = Debug|Any CPU
		{73BFB5D5-53C4-44B9-A7FF-C313A52556C4}.Debug|x64.ActiveCfg = Debug|Any CPU
		{73BFB5D5-53C4-44B9-A7FF-C313A52556C4}.Debug|x64.Build.0 = Debug|Any CPU
		{73BFB5D5-53C4-44B9-A7FF-C313A52556C4}.Debug|x86.ActiveCfg = Debug|Any CPU
		{73BFB5D5-53C4-44B9-A7FF-C313A52556C4}.Debug|x86.Build.0 = Debug|Any CPU
		{73BFB5D5-53C4-44B9-A7FF-C313A52556C4}.Release|Any CPU.ActiveCfg = Release|Any CPU
		{73BFB5D5-53C4-44B9-A7FF-C313A52556C4}.Release|Any CPU.Build.0 = Release|Any CPU
		{73BFB5D5-53C4-44B9-A7FF-C313A52556C4}.Release|x64.ActiveCfg = Release|Any CPU
		{73BFB5D5-53C4-44B9-A7FF-C313A52556C4}.Release|x64.Build.0 = Release|Any CPU
		{73BFB5D5-53C4-44B9-A7FF-C313A52556C4}.Release|x86.ActiveCfg = Release|Any CPU
		{73BFB5D5-53C4-44B9-A7FF-C313A52556C4}.Release|x86.Build.0 = Release|Any CPU
		{2B20F1A7-9271-45FE-A0A8-AA0E94D87C00}.Debug|Any CPU.ActiveCfg = Debug|Any CPU
		{2B20F1A7-9271-45FE-A0A8-AA0E94D87C00}.Debug|Any CPU.Build.0 = Debug|Any CPU
		{2B20F1A7-9271-45FE-A0A8-AA0E94D87C00}.Debug|x64.ActiveCfg = Debug|Any CPU
		{2B20F1A7-9271-45FE-A0A8-AA0E94D87C00}.Debug|x64.Build.0 = Debug|Any CPU
		{2B20F1A7-9271-45FE-A0A8-AA0E94D87C00}.Debug|x86.ActiveCfg = Debug|Any CPU
		{2B20F1A7-9271-45FE-A0A8-AA0E94D87C00}.Debug|x86.Build.0 = Debug|Any CPU
		{2B20F1A7-9271-45FE-A0A8-AA0E94D87C00}.Release|Any CPU.ActiveCfg = Release|Any CPU
		{2B20F1A7-9271-45FE-A0A8-AA0E94D87C00}.Release|Any CPU.Build.0 = Release|Any CPU
		{2B20F1A7-9271-45FE-A0A8-AA0E94D87C00}.Release|x64.ActiveCfg = Release|Any CPU
		{2B20F1A7-9271-45FE-A0A8-AA0E94D87C00}.Release|x64.Build.0 = Release|Any CPU
		{2B20F1A7-9271-45FE-A0A8-AA0E94D87C00}.Release|x86.ActiveCfg = Release|Any CPU
		{2B20F1A7-9271-45FE-A0A8-AA0E94D87C00}.Release|x86.Build.0 = Release|Any CPU
		{56F1BA3D-E43F-4461-9C41-AA2B6D476D92}.Debug|Any CPU.ActiveCfg = Debug|Any CPU
		{56F1BA3D-E43F-4461-9C41-AA2B6D476D92}.Debug|Any CPU.Build.0 = Debug|Any CPU
		{56F1BA3D-E43F-4461-9C41-AA2B6D476D92}.Debug|x64.ActiveCfg = Debug|Any CPU
		{56F1BA3D-E43F-4461-9C41-AA2B6D476D92}.Debug|x64.Build.0 = Debug|Any CPU
		{56F1BA3D-E43F-4461-9C41-AA2B6D476D92}.Debug|x86.ActiveCfg = Debug|Any CPU
		{56F1BA3D-E43F-4461-9C41-AA2B6D476D92}.Debug|x86.Build.0 = Debug|Any CPU
		{56F1BA3D-E43F-4461-9C41-AA2B6D476D92}.Release|Any CPU.ActiveCfg = Release|Any CPU
		{56F1BA3D-E43F-4461-9C41-AA2B6D476D92}.Release|Any CPU.Build.0 = Release|Any CPU
		{56F1BA3D-E43F-4461-9C41-AA2B6D476D92}.Release|x64.ActiveCfg = Release|Any CPU
		{56F1BA3D-E43F-4461-9C41-AA2B6D476D92}.Release|x64.Build.0 = Release|Any CPU
		{56F1BA3D-E43F-4461-9C41-AA2B6D476D92}.Release|x86.ActiveCfg = Release|Any CPU
		{56F1BA3D-E43F-4461-9C41-AA2B6D476D92}.Release|x86.Build.0 = Release|Any CPU
	EndGlobalSection
EndGlobal
